
Microsoft Visual Studio Solution File, Format Version 12.00
Project("{FAE04EC0-301F-11D3-BF4B-00C04F79EFBC}") = "ANLG.Utilities.FlatRedBall", "ANLG.Utilities.FlatRedBall\ANLG.Utilities.FlatRedBall.csproj", "{26579E2C-8602-4701-B508-A38EE72109E2}"
EndProject
Project("{FAE04EC0-301F-11D3-BF4B-00C04F79EFBC}") = "ANLG.Utilities.FlatRedBall.Tests", "ANLG.Utilities.FlatRedBall.Tests\ANLG.Utilities.FlatRedBall.Tests.csproj", "{D6A02744-E500-49A1-845A-0976A2859F8C}"
EndProject
Project("{FAE04EC0-301F-11D3-BF4B-00C04F79EFBC}") = "StateInterpolation.DesktopNet6", "..\..\..\source\repos\FlatRedBall\Engines\Forms\FlatRedBall.Forms\StateInterpolation\StateInterpolation.DesktopGlNet6\StateInterpolation.DesktopNet6.csproj", "{245AFB59-027C-4DE9-B79F-840D4B2953AD}"
EndProject
Project("{FAE04EC0-301F-11D3-BF4B-00C04F79EFBC}") = "FlatRedBallDesktopGLNet6", "..\..\..\source\repos\FlatRedBall\Engines\FlatRedBallXNA\FlatRedBallDesktopGLNet6\FlatRedBallDesktopGLNet6.csproj", "{1D59C75E-AE3E-4322-8F9E-A0652C8B3E3E}"
EndProject
Project("{FAE04EC0-301F-11D3-BF4B-00C04F79EFBC}") = "FlatRedBall.Forms.DesktopGlNet6", "..\..\..\source\repos\FlatRedBall\Engines\Forms\FlatRedBall.Forms\FlatRedBall.Forms.DesktopGlNet6\FlatRedBall.Forms.DesktopGlNet6.csproj", "{7B1A09BA-395F-46E2-ABA3-0402D9133698}"
EndProject
Project("{FAE04EC0-301F-11D3-BF4B-00C04F79EFBC}") = "GumCore.DesktopGlNet6", "..\..\..\source\repos\Gum\GumCore\GumCoreXnaPc\GumCore.DesktopGlNet6\GumCore.DesktopGlNet6.csproj", "{22C0DEBD-871E-45D5-BDB0-D84A72F5ED7C}"
EndProject
Project("{D954291E-2A0B-460D-934E-DC6B0785DB48}") = "FlatRedBallShared", "..\..\..\source\repos\FlatRedBall\Engines\FlatRedBallXNA\FlatRedBall\FlatRedBallShared.shproj", "{0BB8CBE3-8503-46C1-9272-D98E153A230E}"
EndProject
Project("{D954291E-2A0B-460D-934E-DC6B0785DB48}") = "FlatRedBall.Forms.Shared", "..\..\..\source\repos\FlatRedBall\Engines\Forms\FlatRedBall.Forms\FlatRedBall.Forms.Shared\FlatRedBall.Forms.Shared.shproj", "{728151F0-03E0-4253-94FE-46B9C77EDEA6}"
EndProject
Project("{D954291E-2A0B-460D-934E-DC6B0785DB48}") = "GumCoreShared", "..\..\..\source\repos\Gum\GumCoreShared.shproj", "{F919C045-EAC7-4806-9A1F-CE421F923E97}"
EndProject
Project("{D954291E-2A0B-460D-934E-DC6B0785DB48}") = "GumCoreShared.FlatRedBall", "..\..\..\source\repos\FlatRedBall\FRBDK\Glue\GumPlugin\GumPlugin\GumCoreShared.FlatRedBall.shproj", "{0EE8A96C-A754-453D-9E65-19A24E9A5E76}"
EndProject
Project("{FAE04EC0-301F-11D3-BF4B-00C04F79EFBC}") = "SkiaInGum", "..\..\..\source\repos\Gum\SvgPlugin\SkiaInGumShared\SkiaInGum.csproj", "{E5413B10-7E40-4CDD-BD9B-DDC068438592}"
EndProject
Global
	GlobalSection(SolutionConfigurationPlatforms) = preSolution
		Debug|Any CPU = Debug|Any CPU
		Release|Any CPU = Release|Any CPU
	EndGlobalSection
	GlobalSection(ProjectConfigurationPlatforms) = postSolution
		{26579E2C-8602-4701-B508-A38EE72109E2}.Debug|Any CPU.ActiveCfg = Debug|Any CPU
		{26579E2C-8602-4701-B508-A38EE72109E2}.Debug|Any CPU.Build.0 = Debug|Any CPU
		{26579E2C-8602-4701-B508-A38EE72109E2}.Release|Any CPU.ActiveCfg = Release|Any CPU
		{26579E2C-8602-4701-B508-A38EE72109E2}.Release|Any CPU.Build.0 = Release|Any CPU
		{D6A02744-E500-49A1-845A-0976A2859F8C}.Debug|Any CPU.ActiveCfg = Debug|Any CPU
		{D6A02744-E500-49A1-845A-0976A2859F8C}.Debug|Any CPU.Build.0 = Debug|Any CPU
		{D6A02744-E500-49A1-845A-0976A2859F8C}.Release|Any CPU.ActiveCfg = Release|Any CPU
		{D6A02744-E500-49A1-845A-0976A2859F8C}.Release|Any CPU.Build.0 = Release|Any CPU
	EndGlobalSection
	GlobalSection(NestedProjects) = preSolution
	EndGlobalSection
EndGlobal
