
Microsoft Visual Studio Solution File, Format Version 12.00
Project("{FAE04EC0-301F-11D3-BF4B-00C04F79EFBC}") = "ANLG.Utilities.FlatRedBall", "ANLG.Utilities.FlatRedBall\ANLG.Utilities.FlatRedBall.csproj", "{26579E2C-8602-4701-B508-A38EE72109E2}"
EndProject
Project("{FAE04EC0-301F-11D3-BF4B-00C04F79EFBC}") = "ANLG.Utilities.FlatRedBall.Tests", "ANLG.Utilities.FlatRedBall.Tests\ANLG.Utilities.FlatRedBall.Tests.csproj", "{D6A02744-E500-49A1-845A-0976A2859F8C}"
EndProject
Project("{FAE04EC0-301F-11D3-BF4B-00C04F79EFBC}") = "FlatRedBallDesktopGLNet6", "..\FlatRedBall\Engines\FlatRedBallXNA\FlatRedBallDesktopGLNet6\FlatRedBallDesktopGLNet6.csproj", "{54A45D56-CE2C-4DF0-8FF3-8ED8EEF63FBF}"
EndProject
Project("{FAE04EC0-301F-11D3-BF4B-00C04F79EFBC}") = "PluginLibraries", "..\FlatRedBall\FRBDK\Glue\PluginLibraries\PluginLibraries.csproj", "{14FA8186-20AD-43BE-B710-68428E34B04E}"
EndProject
Project("{FAE04EC0-301F-11D3-BF4B-00C04F79EFBC}") = "ANLG.Utilities", "ANLG.Utilities\ANLG.Utilities.csproj", "{49820A7C-7D97-4D1C-9946-7C4E34B779EF}"
EndProject
Global
	GlobalSection(SolutionConfigurationPlatforms) = preSolution
		Debug|Any CPU = Debug|Any CPU
		Release|Any CPU = Release|Any CPU
	EndGlobalSection
	GlobalSection(ProjectConfigurationPlatforms) = postSolution
		{26579E2C-8602-4701-B508-A38EE72109E2}.Debug|Any CPU.ActiveCfg = Debug|Any CPU
		{26579E2C-8602-4701-B508-A38EE72109E2}.Debug|Any CPU.Build.0 = Debug|Any CPU
		{26579E2C-8602-4701-B508-A38EE72109E2}.Release|Any CPU.ActiveCfg = Release|Any CPU
		{26579E2C-8602-4701-B508-A38EE72109E2}.Release|Any CPU.Build.0 = Release|Any CPU
		{D6A02744-E500-49A1-845A-0976A2859F8C}.Debug|Any CPU.ActiveCfg = Debug|Any CPU
		{D6A02744-E500-49A1-845A-0976A2859F8C}.Debug|Any CPU.Build.0 = Debug|Any CPU
		{D6A02744-E500-49A1-845A-0976A2859F8C}.Release|Any CPU.ActiveCfg = Release|Any CPU
		{D6A02744-E500-49A1-845A-0976A2859F8C}.Release|Any CPU.Build.0 = Release|Any CPU
		{54A45D56-CE2C-4DF0-8FF3-8ED8EEF63FBF}.Debug|Any CPU.ActiveCfg = Debug|Any CPU
		{54A45D56-CE2C-4DF0-8FF3-8ED8EEF63FBF}.Debug|Any CPU.Build.0 = Debug|Any CPU
		{54A45D56-CE2C-4DF0-8FF3-8ED8EEF63FBF}.Release|Any CPU.ActiveCfg = Release|Any CPU
		{54A45D56-CE2C-4DF0-8FF3-8ED8EEF63FBF}.Release|Any CPU.Build.0 = Release|Any CPU
		{14FA8186-20AD-43BE-B710-68428E34B04E}.Debug|Any CPU.ActiveCfg = Debug|Any CPU
		{14FA8186-20AD-43BE-B710-68428E34B04E}.Debug|Any CPU.Build.0 = Debug|Any CPU
		{14FA8186-20AD-43BE-B710-68428E34B04E}.Release|Any CPU.ActiveCfg = Release|Any CPU
		{14FA8186-20AD-43BE-B710-68428E34B04E}.Release|Any CPU.Build.0 = Release|Any CPU
		{49820A7C-7D97-4D1C-9946-7C4E34B779EF}.Debug|Any CPU.ActiveCfg = Debug|Any CPU
		{49820A7C-7D97-4D1C-9946-7C4E34B779EF}.Debug|Any CPU.Build.0 = Debug|Any CPU
		{49820A7C-7D97-4D1C-9946-7C4E34B779EF}.Release|Any CPU.ActiveCfg = Release|Any CPU
		{49820A7C-7D97-4D1C-9946-7C4E34B779EF}.Release|Any CPU.Build.0 = Release|Any CPU
	EndGlobalSection
	GlobalSection(NestedProjects) = preSolution
	EndGlobalSection
EndGlobal
